
Microsoft Visual Studio Solution File, Format Version 12.00
# Visual Studio Version 16
VisualStudioVersion = 16.0.31624.102
MinimumVisualStudioVersion = 10.0.40219.1
Project("{FAE04EC0-301F-11D3-BF4B-00C04F79EFBC}") = "Senai_SpMedical_webAPI", "Senai_SpMedical_webAPI\Senai_SpMedical_webAPI.csproj", "{B4E23832-75EC-4DAC-92D4-3EC77DF7F130}"
EndProject
Global
	GlobalSection(SolutionConfigurationPlatforms) = preSolution
		Debug|Any CPU = Debug|Any CPU
		Release|Any CPU = Release|Any CPU
	EndGlobalSection
	GlobalSection(ProjectConfigurationPlatforms) = postSolution
		{B4E23832-75EC-4DAC-92D4-3EC77DF7F130}.Debug|Any CPU.ActiveCfg = Debug|Any CPU
		{B4E23832-75EC-4DAC-92D4-3EC77DF7F130}.Debug|Any CPU.Build.0 = Debug|Any CPU
		{B4E23832-75EC-4DAC-92D4-3EC77DF7F130}.Release|Any CPU.ActiveCfg = Release|Any CPU
		{B4E23832-75EC-4DAC-92D4-3EC77DF7F130}.Release|Any CPU.Build.0 = Release|Any CPU
	EndGlobalSection
	GlobalSection(SolutionProperties) = preSolution
		HideSolutionNode = FALSE
	EndGlobalSection
	GlobalSection(ExtensibilityGlobals) = postSolution
		SolutionGuid = {144E7680-653C-4D3D-81A3-2458652913D4}
	EndGlobalSection
EndGlobal
